
Microsoft Visual Studio Solution File, Format Version 11.00
# Visual Studio 2010
Project("{FAE04EC0-301F-11D3-BF4B-00C04F79EFBC}") = "Ghost", "Ghost\Ghost.csproj", "{8203A14C-2C6D-4AC1-B62E-AAFA550FFCF9}"
EndProject
Project("{FAE04EC0-301F-11D3-BF4B-00C04F79EFBC}") = "Shell", "Shell\Shell.csproj", "{81B1137D-2F5B-45B3-AFC1-C366169F55F5}"
EndProject
Project("{FAE04EC0-301F-11D3-BF4B-00C04F79EFBC}") = "Console", "Console\Console.csproj", "{E5AF7C65-1F5D-4279-A235-10AED8F3E413}"
EndProject
Project("{FAE04EC0-301F-11D3-BF4B-00C04F79EFBC}") = "Redmine.Net.Api", "Third-parties\Redmine.Net.Api\Redmine.Net.Api.csproj", "{F99E4720-D2A0-461B-A454-E6169BFA8C38}"
EndProject
Project("{2150E333-8FDC-42A3-9474-1A3956D46DE8}") = "Backend", "Backend", "{398AC1F9-570B-4B24-957B-666C0048BDCF}"
EndProject
Project("{2150E333-8FDC-42A3-9474-1A3956D46DE8}") = "Frontend", "Frontend", "{7411CD0F-D77C-4B85-9509-F2DE48FCA66C}"
EndProject
Project("{2150E333-8FDC-42A3-9474-1A3956D46DE8}") = "Plugins", "Plugins", "{828733E2-E492-4F72-AFF5-CC8179E21B35}"
EndProject
Project("{2150E333-8FDC-42A3-9474-1A3956D46DE8}") = "Third Parties", "Third Parties", "{3AAF9941-ACE5-4BC4-AB8D-EF86D837E6F4}"
EndProject
Project("{FAE04EC0-301F-11D3-BF4B-00C04F79EFBC}") = "AI", "AI\AI.csproj", "{0E43A8BC-A247-4D0F-B28B-23D9163E6EDE}"
EndProject
Project("{2150E333-8FDC-42A3-9474-1A3956D46DE8}") = "Fountain", "Fountain", "{A3E88A7E-54EB-42F5-834C-EA51D11EFA0A}"
EndProject
Project("{FAE04EC0-301F-11D3-BF4B-00C04F79EFBC}") = "Common", "Common\Common.csproj", "{BE863D54-5470-4BB4-BEA8-3999D4FE2328}"
EndProject
Project("{FAE04EC0-301F-11D3-BF4B-00C04F79EFBC}") = "Redmine", "Plugins\Redmine\Redmine.csproj", "{086247E5-29BD-49C6-A253-12CB9384064A}"
EndProject
Project("{FAE04EC0-301F-11D3-BF4B-00C04F79EFBC}") = "AppSettings", "AppSettings\AppSettings.csproj", "{2BFA817E-E1DC-4B25-BCCC-3F0A1632A7F3}"
EndProject
Global
	GlobalSection(SolutionConfigurationPlatforms) = preSolution
		Debug|Any CPU = Debug|Any CPU
		Debug|Mixed Platforms = Debug|Mixed Platforms
		Debug|x86 = Debug|x86
		Net40|Any CPU = Net40|Any CPU
		Net40|Mixed Platforms = Net40|Mixed Platforms
		Net40|x86 = Net40|x86
		Release|Any CPU = Release|Any CPU
		Release|Mixed Platforms = Release|Mixed Platforms
		Release|x86 = Release|x86
	EndGlobalSection
	GlobalSection(ProjectConfigurationPlatforms) = postSolution
		{8203A14C-2C6D-4AC1-B62E-AAFA550FFCF9}.Debug|Any CPU.ActiveCfg = Debug|Any CPU
		{8203A14C-2C6D-4AC1-B62E-AAFA550FFCF9}.Debug|Any CPU.Build.0 = Debug|Any CPU
		{8203A14C-2C6D-4AC1-B62E-AAFA550FFCF9}.Debug|Mixed Platforms.ActiveCfg = Debug|Any CPU
		{8203A14C-2C6D-4AC1-B62E-AAFA550FFCF9}.Debug|Mixed Platforms.Build.0 = Debug|Any CPU
		{8203A14C-2C6D-4AC1-B62E-AAFA550FFCF9}.Debug|x86.ActiveCfg = Debug|Any CPU
		{8203A14C-2C6D-4AC1-B62E-AAFA550FFCF9}.Net40|Any CPU.ActiveCfg = Release|Any CPU
		{8203A14C-2C6D-4AC1-B62E-AAFA550FFCF9}.Net40|Any CPU.Build.0 = Release|Any CPU
		{8203A14C-2C6D-4AC1-B62E-AAFA550FFCF9}.Net40|Mixed Platforms.ActiveCfg = Release|Any CPU
		{8203A14C-2C6D-4AC1-B62E-AAFA550FFCF9}.Net40|Mixed Platforms.Build.0 = Release|Any CPU
		{8203A14C-2C6D-4AC1-B62E-AAFA550FFCF9}.Net40|x86.ActiveCfg = Release|Any CPU
		{8203A14C-2C6D-4AC1-B62E-AAFA550FFCF9}.Release|Any CPU.ActiveCfg = Release|Any CPU
		{8203A14C-2C6D-4AC1-B62E-AAFA550FFCF9}.Release|Any CPU.Build.0 = Release|Any CPU
		{8203A14C-2C6D-4AC1-B62E-AAFA550FFCF9}.Release|Mixed Platforms.ActiveCfg = Release|Any CPU
		{8203A14C-2C6D-4AC1-B62E-AAFA550FFCF9}.Release|Mixed Platforms.Build.0 = Release|Any CPU
		{8203A14C-2C6D-4AC1-B62E-AAFA550FFCF9}.Release|x86.ActiveCfg = Release|Any CPU
		{81B1137D-2F5B-45B3-AFC1-C366169F55F5}.Debug|Any CPU.ActiveCfg = Debug|x86
		{81B1137D-2F5B-45B3-AFC1-C366169F55F5}.Debug|Mixed Platforms.ActiveCfg = Debug|x86
		{81B1137D-2F5B-45B3-AFC1-C366169F55F5}.Debug|Mixed Platforms.Build.0 = Debug|x86
		{81B1137D-2F5B-45B3-AFC1-C366169F55F5}.Debug|x86.ActiveCfg = Debug|x86
		{81B1137D-2F5B-45B3-AFC1-C366169F55F5}.Debug|x86.Build.0 = Debug|x86
		{81B1137D-2F5B-45B3-AFC1-C366169F55F5}.Net40|Any CPU.ActiveCfg = Release|x86
		{81B1137D-2F5B-45B3-AFC1-C366169F55F5}.Net40|Mixed Platforms.ActiveCfg = Release|x86
		{81B1137D-2F5B-45B3-AFC1-C366169F55F5}.Net40|Mixed Platforms.Build.0 = Release|x86
		{81B1137D-2F5B-45B3-AFC1-C366169F55F5}.Net40|x86.ActiveCfg = Release|x86
		{81B1137D-2F5B-45B3-AFC1-C366169F55F5}.Net40|x86.Build.0 = Release|x86
		{81B1137D-2F5B-45B3-AFC1-C366169F55F5}.Release|Any CPU.ActiveCfg = Release|x86
		{81B1137D-2F5B-45B3-AFC1-C366169F55F5}.Release|Mixed Platforms.ActiveCfg = Release|x86
		{81B1137D-2F5B-45B3-AFC1-C366169F55F5}.Release|Mixed Platforms.Build.0 = Release|x86
		{81B1137D-2F5B-45B3-AFC1-C366169F55F5}.Release|x86.ActiveCfg = Release|x86
		{81B1137D-2F5B-45B3-AFC1-C366169F55F5}.Release|x86.Build.0 = Release|x86
		{E5AF7C65-1F5D-4279-A235-10AED8F3E413}.Debug|Any CPU.ActiveCfg = Debug|x86
		{E5AF7C65-1F5D-4279-A235-10AED8F3E413}.Debug|Mixed Platforms.ActiveCfg = Debug|x86
		{E5AF7C65-1F5D-4279-A235-10AED8F3E413}.Debug|Mixed Platforms.Build.0 = Debug|x86
		{E5AF7C65-1F5D-4279-A235-10AED8F3E413}.Debug|x86.ActiveCfg = Debug|x86
		{E5AF7C65-1F5D-4279-A235-10AED8F3E413}.Debug|x86.Build.0 = Debug|x86
		{E5AF7C65-1F5D-4279-A235-10AED8F3E413}.Net40|Any CPU.ActiveCfg = Release|x86
		{E5AF7C65-1F5D-4279-A235-10AED8F3E413}.Net40|Mixed Platforms.ActiveCfg = Release|x86
		{E5AF7C65-1F5D-4279-A235-10AED8F3E413}.Net40|Mixed Platforms.Build.0 = Release|x86
		{E5AF7C65-1F5D-4279-A235-10AED8F3E413}.Net40|x86.ActiveCfg = Release|x86
		{E5AF7C65-1F5D-4279-A235-10AED8F3E413}.Net40|x86.Build.0 = Release|x86
		{E5AF7C65-1F5D-4279-A235-10AED8F3E413}.Release|Any CPU.ActiveCfg = Release|x86
		{E5AF7C65-1F5D-4279-A235-10AED8F3E413}.Release|Mixed Platforms.ActiveCfg = Release|x86
		{E5AF7C65-1F5D-4279-A235-10AED8F3E413}.Release|Mixed Platforms.Build.0 = Release|x86
		{E5AF7C65-1F5D-4279-A235-10AED8F3E413}.Release|x86.ActiveCfg = Release|x86
		{E5AF7C65-1F5D-4279-A235-10AED8F3E413}.Release|x86.Build.0 = Release|x86
		{F99E4720-D2A0-461B-A454-E6169BFA8C38}.Debug|Any CPU.ActiveCfg = Debug|Any CPU
		{F99E4720-D2A0-461B-A454-E6169BFA8C38}.Debug|Any CPU.Build.0 = Debug|Any CPU
		{F99E4720-D2A0-461B-A454-E6169BFA8C38}.Debug|Mixed Platforms.ActiveCfg = Debug|Any CPU
		{F99E4720-D2A0-461B-A454-E6169BFA8C38}.Debug|Mixed Platforms.Build.0 = Debug|Any CPU
		{F99E4720-D2A0-461B-A454-E6169BFA8C38}.Debug|x86.ActiveCfg = Debug|Any CPU
		{F99E4720-D2A0-461B-A454-E6169BFA8C38}.Net40|Any CPU.ActiveCfg = Net40|Any CPU
		{F99E4720-D2A0-461B-A454-E6169BFA8C38}.Net40|Any CPU.Build.0 = Net40|Any CPU
		{F99E4720-D2A0-461B-A454-E6169BFA8C38}.Net40|Mixed Platforms.ActiveCfg = Net40|Any CPU
		{F99E4720-D2A0-461B-A454-E6169BFA8C38}.Net40|Mixed Platforms.Build.0 = Net40|Any CPU
		{F99E4720-D2A0-461B-A454-E6169BFA8C38}.Net40|x86.ActiveCfg = Net40|Any CPU
		{F99E4720-D2A0-461B-A454-E6169BFA8C38}.Release|Any CPU.ActiveCfg = Release|Any CPU
		{F99E4720-D2A0-461B-A454-E6169BFA8C38}.Release|Any CPU.Build.0 = Release|Any CPU
		{F99E4720-D2A0-461B-A454-E6169BFA8C38}.Release|Mixed Platforms.ActiveCfg = Release|Any CPU
		{F99E4720-D2A0-461B-A454-E6169BFA8C38}.Release|Mixed Platforms.Build.0 = Release|Any CPU
		{F99E4720-D2A0-461B-A454-E6169BFA8C38}.Release|x86.ActiveCfg = Release|Any CPU
		{0E43A8BC-A247-4D0F-B28B-23D9163E6EDE}.Debug|Any CPU.ActiveCfg = Debug|Any CPU
		{0E43A8BC-A247-4D0F-B28B-23D9163E6EDE}.Debug|Any CPU.Build.0 = Debug|Any CPU
		{0E43A8BC-A247-4D0F-B28B-23D9163E6EDE}.Debug|Mixed Platforms.ActiveCfg = Debug|Any CPU
		{0E43A8BC-A247-4D0F-B28B-23D9163E6EDE}.Debug|Mixed Platforms.Build.0 = Debug|Any CPU
		{0E43A8BC-A247-4D0F-B28B-23D9163E6EDE}.Debug|x86.ActiveCfg = Debug|Any CPU
		{0E43A8BC-A247-4D0F-B28B-23D9163E6EDE}.Net40|Any CPU.ActiveCfg = Release|Any CPU
		{0E43A8BC-A247-4D0F-B28B-23D9163E6EDE}.Net40|Any CPU.Build.0 = Release|Any CPU
		{0E43A8BC-A247-4D0F-B28B-23D9163E6EDE}.Net40|Mixed Platforms.ActiveCfg = Release|Any CPU
		{0E43A8BC-A247-4D0F-B28B-23D9163E6EDE}.Net40|Mixed Platforms.Build.0 = Release|Any CPU
		{0E43A8BC-A247-4D0F-B28B-23D9163E6EDE}.Net40|x86.ActiveCfg = Release|Any CPU
		{0E43A8BC-A247-4D0F-B28B-23D9163E6EDE}.Release|Any CPU.ActiveCfg = Release|Any CPU
		{0E43A8BC-A247-4D0F-B28B-23D9163E6EDE}.Release|Any CPU.Build.0 = Release|Any CPU
		{0E43A8BC-A247-4D0F-B28B-23D9163E6EDE}.Release|Mixed Platforms.ActiveCfg = Release|Any CPU
		{0E43A8BC-A247-4D0F-B28B-23D9163E6EDE}.Release|Mixed Platforms.Build.0 = Release|Any CPU
		{0E43A8BC-A247-4D0F-B28B-23D9163E6EDE}.Release|x86.ActiveCfg = Release|Any CPU
		{BE863D54-5470-4BB4-BEA8-3999D4FE2328}.Debug|Any CPU.ActiveCfg = Debug|Any CPU
		{BE863D54-5470-4BB4-BEA8-3999D4FE2328}.Debug|Any CPU.Build.0 = Debug|Any CPU
		{BE863D54-5470-4BB4-BEA8-3999D4FE2328}.Debug|Mixed Platforms.ActiveCfg = Debug|Any CPU
		{BE863D54-5470-4BB4-BEA8-3999D4FE2328}.Debug|Mixed Platforms.Build.0 = Debug|Any CPU
		{BE863D54-5470-4BB4-BEA8-3999D4FE2328}.Debug|x86.ActiveCfg = Debug|Any CPU
		{BE863D54-5470-4BB4-BEA8-3999D4FE2328}.Net40|Any CPU.ActiveCfg = Release|Any CPU
		{BE863D54-5470-4BB4-BEA8-3999D4FE2328}.Net40|Any CPU.Build.0 = Release|Any CPU
		{BE863D54-5470-4BB4-BEA8-3999D4FE2328}.Net40|Mixed Platforms.ActiveCfg = Release|Any CPU
		{BE863D54-5470-4BB4-BEA8-3999D4FE2328}.Net40|Mixed Platforms.Build.0 = Release|Any CPU
		{BE863D54-5470-4BB4-BEA8-3999D4FE2328}.Net40|x86.ActiveCfg = Release|Any CPU
		{BE863D54-5470-4BB4-BEA8-3999D4FE2328}.Release|Any CPU.ActiveCfg = Release|Any CPU
		{BE863D54-5470-4BB4-BEA8-3999D4FE2328}.Release|Any CPU.Build.0 = Release|Any CPU
		{BE863D54-5470-4BB4-BEA8-3999D4FE2328}.Release|Mixed Platforms.ActiveCfg = Release|Any CPU
		{BE863D54-5470-4BB4-BEA8-3999D4FE2328}.Release|Mixed Platforms.Build.0 = Release|Any CPU
		{BE863D54-5470-4BB4-BEA8-3999D4FE2328}.Release|x86.ActiveCfg = Release|Any CPU
		{086247E5-29BD-49C6-A253-12CB9384064A}.Debug|Any CPU.ActiveCfg = Debug|Any CPU
		{086247E5-29BD-49C6-A253-12CB9384064A}.Debug|Any CPU.Build.0 = Debug|Any CPU
		{086247E5-29BD-49C6-A253-12CB9384064A}.Debug|Mixed Platforms.ActiveCfg = Debug|Any CPU
		{086247E5-29BD-49C6-A253-12CB9384064A}.Debug|Mixed Platforms.Build.0 = Debug|Any CPU
		{086247E5-29BD-49C6-A253-12CB9384064A}.Debug|x86.ActiveCfg = Debug|Any CPU
		{086247E5-29BD-49C6-A253-12CB9384064A}.Net40|Any CPU.ActiveCfg = Release|Any CPU
		{086247E5-29BD-49C6-A253-12CB9384064A}.Net40|Any CPU.Build.0 = Release|Any CPU
		{086247E5-29BD-49C6-A253-12CB9384064A}.Net40|Mixed Platforms.ActiveCfg = Release|Any CPU
		{086247E5-29BD-49C6-A253-12CB9384064A}.Net40|Mixed Platforms.Build.0 = Release|Any CPU
		{086247E5-29BD-49C6-A253-12CB9384064A}.Net40|x86.ActiveCfg = Release|Any CPU
		{086247E5-29BD-49C6-A253-12CB9384064A}.Release|Any CPU.ActiveCfg = Release|Any CPU
		{086247E5-29BD-49C6-A253-12CB9384064A}.Release|Any CPU.Build.0 = Release|Any CPU
		{086247E5-29BD-49C6-A253-12CB9384064A}.Release|Mixed Platforms.ActiveCfg = Release|Any CPU
		{086247E5-29BD-49C6-A253-12CB9384064A}.Release|Mixed Platforms.Build.0 = Release|Any CPU
		{086247E5-29BD-49C6-A253-12CB9384064A}.Release|x86.ActiveCfg = Release|Any CPU
		{2BFA817E-E1DC-4B25-BCCC-3F0A1632A7F3}.Debug|Any CPU.ActiveCfg = Debug|Any CPU
		{2BFA817E-E1DC-4B25-BCCC-3F0A1632A7F3}.Debug|Any CPU.Build.0 = Debug|Any CPU
		{2BFA817E-E1DC-4B25-BCCC-3F0A1632A7F3}.Debug|Mixed Platforms.ActiveCfg = Debug|Any CPU
		{2BFA817E-E1DC-4B25-BCCC-3F0A1632A7F3}.Debug|Mixed Platforms.Build.0 = Debug|Any CPU
		{2BFA817E-E1DC-4B25-BCCC-3F0A1632A7F3}.Debug|x86.ActiveCfg = Debug|Any CPU
		{2BFA817E-E1DC-4B25-BCCC-3F0A1632A7F3}.Net40|Any CPU.ActiveCfg = Release|Any CPU
		{2BFA817E-E1DC-4B25-BCCC-3F0A1632A7F3}.Net40|Any CPU.Build.0 = Release|Any CPU
		{2BFA817E-E1DC-4B25-BCCC-3F0A1632A7F3}.Net40|Mixed Platforms.ActiveCfg = Release|Any CPU
		{2BFA817E-E1DC-4B25-BCCC-3F0A1632A7F3}.Net40|Mixed Platforms.Build.0 = Release|Any CPU
		{2BFA817E-E1DC-4B25-BCCC-3F0A1632A7F3}.Net40|x86.ActiveCfg = Release|Any CPU
		{2BFA817E-E1DC-4B25-BCCC-3F0A1632A7F3}.Release|Any CPU.ActiveCfg = Release|Any CPU
		{2BFA817E-E1DC-4B25-BCCC-3F0A1632A7F3}.Release|Any CPU.Build.0 = Release|Any CPU
		{2BFA817E-E1DC-4B25-BCCC-3F0A1632A7F3}.Release|Mixed Platforms.ActiveCfg = Release|Any CPU
		{2BFA817E-E1DC-4B25-BCCC-3F0A1632A7F3}.Release|Mixed Platforms.Build.0 = Release|Any CPU
		{2BFA817E-E1DC-4B25-BCCC-3F0A1632A7F3}.Release|x86.ActiveCfg = Release|Any CPU
	EndGlobalSection
	GlobalSection(SolutionProperties) = preSolution
		HideSolutionNode = FALSE
	EndGlobalSection
	GlobalSection(NestedProjects) = preSolution
		{8203A14C-2C6D-4AC1-B62E-AAFA550FFCF9} = {398AC1F9-570B-4B24-957B-666C0048BDCF}
		{0E43A8BC-A247-4D0F-B28B-23D9163E6EDE} = {398AC1F9-570B-4B24-957B-666C0048BDCF}
		{81B1137D-2F5B-45B3-AFC1-C366169F55F5} = {7411CD0F-D77C-4B85-9509-F2DE48FCA66C}
		{E5AF7C65-1F5D-4279-A235-10AED8F3E413} = {7411CD0F-D77C-4B85-9509-F2DE48FCA66C}
		{2BFA817E-E1DC-4B25-BCCC-3F0A1632A7F3} = {7411CD0F-D77C-4B85-9509-F2DE48FCA66C}
		{086247E5-29BD-49C6-A253-12CB9384064A} = {828733E2-E492-4F72-AFF5-CC8179E21B35}
		{F99E4720-D2A0-461B-A454-E6169BFA8C38} = {3AAF9941-ACE5-4BC4-AB8D-EF86D837E6F4}
		{BE863D54-5470-4BB4-BEA8-3999D4FE2328} = {A3E88A7E-54EB-42F5-834C-EA51D11EFA0A}
	EndGlobalSection
EndGlobal
